{
    "_readme": [
        "This file locks the dependencies of your project to a known state",
        "Read more about it at https://getcomposer.org/doc/01-basic-usage.md#installing-dependencies",
        "This file is @generated automatically"
    ],
    "content-hash": "9320c4018e1a2cdd712b3fd628a86f65",
    "packages": [
        {
            "name": "tomwalder/php-gds",
            "version": "v4.1.2",
            "source": {
                "type": "git",
                "url": "https://github.com/tomwalder/php-gds.git",
                "reference": "cbba45ef7d7289bdcbbdc4c0eb83ddd0d6af7f4c"
            },
            "dist": {
                "type": "zip",
                "url": "https://api.github.com/repos/tomwalder/php-gds/zipball/cbba45ef7d7289bdcbbdc4c0eb83ddd0d6af7f4c",
                "reference": "cbba45ef7d7289bdcbbdc4c0eb83ddd0d6af7f4c",
                "shasum": ""
            },
            "require": {
                "ext-bcmath": "*",
                "php": ">=5.5.0"
            },
            "require-dev": {
                "google/appengine-php-sdk": ">=1.9.22",
                "google/auth": "v1.0.*",
                "phpunit/phpunit": "~4.8",
                "satooshi/php-coveralls": "v2.0.*"
            },
            "suggest": {
                "google/auth": "If you need to use the REST API (i.e. not on AppEngine Standard) Tested with v1.0.1"
            },
            "type": "library",
            "autoload": {
                "classmap": [
                    "src/"
                ],
                "psr-4": {
                    "GDS\\": "src/GDS/"
                }
            },
            "notification-url": "https://packagist.org/downloads/",
            "include-path": [
                "src/"
            ],
            "license": [
                "Apache-2.0"
            ],
            "authors": [
                {
                    "name": "Tom Walder",
                    "email": "twalder@gmail.com"
                }
            ],
            "description": "Google Cloud Datastore Library for PHP. Also Firestore in Datastore mode.",
            "homepage": "https://github.com/tomwalder/php-gds",
            "keywords": [
                "appengine",
                "cloud datastore",
                "datastore",
                "firestore",
                "gae",
                "google",
                "nosql"
            ],
            "time": "2020-03-11T07:35:24+00:00"
        }
    ],
    "packages-dev": [],
    "aliases": [],
    "minimum-stability": "stable",
    "stability-flags": [],
    "prefer-stable": false,
    "prefer-lowest": false,
    "platform": {
        "ext-gd": " *"
    },
    "platform-dev": [],
    "plugin-api-version": "1.1.0"
}
